
Microsoft Visual Studio Solution File, Format Version 12.00
# Visual Studio Version 17
VisualStudioVersion = 17.11.35303.130
MinimumVisualStudioVersion = 10.0.40219.1
Project("{2150E333-8FDC-42A3-9474-1A3956D46DE8}") = "Task0", "Task0", "{1C07F428-23D0-4D42-9B04-1732BB699226}"
EndProject
Project("{9A19103F-16F7-4668-BE54-9A1E7A4F7556}") = "Tyuiu.PredygerKK.Sprint0.Task0.V0", "Tyuiu.PredygerKK.Sprint0.Task0.V0\Tyuiu.PredygerKK.Sprint0.Task0.V0.csproj", "{168265D6-4D2E-4EBA-83CC-472BC2384BB1}"
EndProject
Project("{2150E333-8FDC-42A3-9474-1A3956D46DE8}") = "Task1", "Task1", "{164698E7-F59E-458C-9FB1-5B2AF20D020A}"
EndProject
Project("{9A19103F-16F7-4668-BE54-9A1E7A4F7556}") = "Tyuiu.PredygerKK.Sprint0.Task1.V0", "Tyuiu.PredygerKK.Sprint0.Task1.V0\Tyuiu.PredygerKK.Sprint0.Task1.V0.csproj", "{2B6EE743-9CAC-4623-9152-BBA4F73AE637}"
EndProject
Project("{2150E333-8FDC-42A3-9474-1A3956D46DE8}") = "Task2", "Task2", "{644E1F97-8190-4F15-8A75-912A62F83696}"
EndProject
Project("{9A19103F-16F7-4668-BE54-9A1E7A4F7556}") = "Tyuiu.PredygerKK.Sprint0.Task2.V0", "Tyuiu.PredygerKK.Sprint0.Task2.V0\Tyuiu.PredygerKK.Sprint0.Task2.V0.csproj", "{691AD25F-9CFC-4C7B-8436-ECEBEE350CF5}"
EndProject
Project("{FAE04EC0-301F-11D3-BF4B-00C04F79EFBC}") = "Tyuiu.PredygerKK.Sprint0.Task2.V0.Lib", "Tyuiu.PredygerKK.Sprint0.Task2.V0.Lib\Tyuiu.PredygerKK.Sprint0.Task2.V0.Lib.csproj", "{3F2BF9C8-CD8D-4C3E-978C-3A5031212240}"
EndProject
Project("{FAE04EC0-301F-11D3-BF4B-00C04F79EFBC}") = "Tyuiu.PredygerKK.Sprint0.Task2.V0.Test", "Tyuiu.PredygerKK.Sprint0.Task2.V0.Test\Tyuiu.PredygerKK.Sprint0.Task2.V0.Test.csproj", "{014C03A4-43AB-4543-9D31-305DF201A858}"
EndProject
Project("{2150E333-8FDC-42A3-9474-1A3956D46DE8}") = "Task3", "Task3", "{33C9AC10-32A9-49C2-9FDD-8D7A35199968}"
EndProject
Project("{9A19103F-16F7-4668-BE54-9A1E7A4F7556}") = "Tyuiu.PredygerKK.Sprint0.Task3.V0", "Tyuiu.PredygerKK.Sprint0.Task3.V0\Tyuiu.PredygerKK.Sprint0.Task3.V0.csproj", "{5D3C295F-B51C-49F0-B4C8-1705D9B2F182}"
EndProject
Project("{FAE04EC0-301F-11D3-BF4B-00C04F79EFBC}") = "Tyuiu.PredygerKK.Sprint0.Task3.V0.Lib", "Tyuiu.PredygerKK.Sprint0.Task3.V0.Lib\Tyuiu.PredygerKK.Sprint0.Task3.V0.Lib.csproj", "{CF691AEF-9D16-48F4-980B-AF5AAE682D20}"
EndProject
Project("{FAE04EC0-301F-11D3-BF4B-00C04F79EFBC}") = "Tyuiu.PredygerKK.Sprint0.Task3.V0.Test", "Tyuiu.PredygerKK.Sprint0.Task3.V0.Test\Tyuiu.PredygerKK.Sprint0.Task3.V0.Test.csproj", "{146C8173-DC7A-4CDB-8AEE-114D39877162}"
EndProject
Project("{2150E333-8FDC-42A3-9474-1A3956D46DE8}") = "Task4", "Task4", "{EE364D0E-7B4D-489B-AAC3-AEC1ECC03938}"
EndProject
Project("{9A19103F-16F7-4668-BE54-9A1E7A4F7556}") = "Tyuiu.PredygerKK.Sprint0.Task4.V0", "Tyuiu.PredygerKK.Sprint0.Task4.V0\Tyuiu.PredygerKK.Sprint0.Task4.V0.csproj", "{1036D7E9-14DF-420A-B337-797016795B15}"
EndProject
Project("{FAE04EC0-301F-11D3-BF4B-00C04F79EFBC}") = "Tyuiu.PredygerKK.Sprint0.Task4.V0.Test", "Tyuiu.PredygerKK.Sprint0.Task4.V0.Test\Tyuiu.PredygerKK.Sprint0.Task4.V0.Test.csproj", "{8F5490B8-D406-4496-985D-58E8D6C26E7C}"
EndProject
Project("{FAE04EC0-301F-11D3-BF4B-00C04F79EFBC}") = "Tyuiu.PredygerKK.Sprint0.Task4.V0.Lib", "Tyuiu.PredygerKK.Sprint0.Task4.V0.Lib\Tyuiu.PredygerKK.Sprint0.Task4.V0.Lib.csproj", "{BF4FF6A1-3C24-4815-8006-3529F675FD36}"
EndProject
Project("{2150E333-8FDC-42A3-9474-1A3956D46DE8}") = "Task5", "Task5", "{38A4385F-F056-4B94-80F6-6B2BBAA8C4CF}"
EndProject
Project("{FAE04EC0-301F-11D3-BF4B-00C04F79EFBC}") = "Tyuiu.PredygerKK.Sprint0.Task5.V0", "Tyuiu.PredygerKK.Sprint0.Task5.V0\Tyuiu.PredygerKK.Sprint0.Task5.V0.csproj", "{D47874C7-CB6D-4B16-A6D8-1D689F8C69F8}"
EndProject
Project("{FAE04EC0-301F-11D3-BF4B-00C04F79EFBC}") = "Tyuiu.PredygerKK.Sprint0.Task5.V0.Lib", "Tyuiu.PredygerKK.Sprint0.Task5.V0.Lib\Tyuiu.PredygerKK.Sprint0.Task5.V0.Lib.csproj", "{206E60E9-3766-441C-8F3C-755AB51978A6}"
EndProject
Project("{FAE04EC0-301F-11D3-BF4B-00C04F79EFBC}") = "Tyuiu.PredygerKK.Sprint0.Task5.V0.Test", "Tyuiu.PredygerKK.Sprint0.Task5.V0.Test\Tyuiu.PredygerKK.Sprint0.Task5.V0.Test.csproj", "{82521005-5464-4B26-923B-18957D2BE5F9}"
EndProject
Project("{FAE04EC0-301F-11D3-BF4B-00C04F79EFBC}") = "DeleteME", "DeleteME\DeleteME.csproj", "{9B827EA3-C5AE-4E9A-A94F-E9CAA116FD39}"
EndProject
Project("{2150E333-8FDC-42A3-9474-1A3956D46DE8}") = "Task6", "Task6", "{EFFCF0D0-D396-4653-B75E-63E976BCDF1D}"
EndProject
Project("{FAE04EC0-301F-11D3-BF4B-00C04F79EFBC}") = "Tyuiu.PredygerKK.Sprint0.Task6.V0", "Tyuiu.PredygerKK.Sprint0.Task6.V0\Tyuiu.PredygerKK.Sprint0.Task6.V0.csproj", "{4319F832-7182-4D5A-B21A-A395DA3B19CD}"
EndProject
Project("{FAE04EC0-301F-11D3-BF4B-00C04F79EFBC}") = "Tyuiu.PredygerKK.Sprint0.Task6.V0.Test", "Tyuiu.PredygerKK.Sprint0.Task6.V0.Test\Tyuiu.PredygerKK.Sprint0.Task6.V0.Test.csproj", "{5EB9DC79-EF8E-469B-B1CE-3664B9656F79}"
EndProject
Project("{FAE04EC0-301F-11D3-BF4B-00C04F79EFBC}") = "Tyuiu.PredygerKK.Sprint0.Task6.V0.Lib", "Tyuiu.PredygerKK.Sprint0.Task6.V0.Lib\Tyuiu.PredygerKK.Sprint0.Task6.V0.Lib.csproj", "{08E68A53-E4E6-4842-9C88-6C1200F9A26C}"
EndProject
Project("{2150E333-8FDC-42A3-9474-1A3956D46DE8}") = "Task7", "Task7", "{8E91AAB8-8B0F-45F8-AB1D-52222E3E267C}"
EndProject
Project("{FAE04EC0-301F-11D3-BF4B-00C04F79EFBC}") = "Tyuiu.PredygerKK.Sprint0.Task7.V0", "Tyuiu.PredygerKK.Sprint0.Task7.V0\Tyuiu.PredygerKK.Sprint0.Task7.V0.csproj", "{7673923E-9516-4647-908D-7A771844EE2C}"
EndProject
Project("{FAE04EC0-301F-11D3-BF4B-00C04F79EFBC}") = "Tyuiu.PredygerKK.Sprint0.Task7.V0.Test", "Tyuiu.PredygerKK.Sprint0.Task7.V0.Test\Tyuiu.PredygerKK.Sprint0.Task7.V0.Test.csproj", "{3774A654-DA35-4ED2-9028-44F760C378B5}"
EndProject
Project("{FAE04EC0-301F-11D3-BF4B-00C04F79EFBC}") = "Tyuiu.PredygerKK.Sprint0.Task7.V0.Lib", "Tyuiu.PredygerKK.Sprint0.Task7.V0.Lib\Tyuiu.PredygerKK.Sprint0.Task7.V0.Lib.csproj", "{BFCAA72B-9329-4005-A0B2-6BCD4B83FBE4}"
EndProject
Global
	GlobalSection(SolutionConfigurationPlatforms) = preSolution
		Debug|Any CPU = Debug|Any CPU
		Release|Any CPU = Release|Any CPU
	EndGlobalSection
	GlobalSection(ProjectConfigurationPlatforms) = postSolution
		{168265D6-4D2E-4EBA-83CC-472BC2384BB1}.Debug|Any CPU.ActiveCfg = Debug|Any CPU
		{168265D6-4D2E-4EBA-83CC-472BC2384BB1}.Debug|Any CPU.Build.0 = Debug|Any CPU
		{168265D6-4D2E-4EBA-83CC-472BC2384BB1}.Release|Any CPU.ActiveCfg = Release|Any CPU
		{168265D6-4D2E-4EBA-83CC-472BC2384BB1}.Release|Any CPU.Build.0 = Release|Any CPU
		{2B6EE743-9CAC-4623-9152-BBA4F73AE637}.Debug|Any CPU.ActiveCfg = Debug|Any CPU
		{2B6EE743-9CAC-4623-9152-BBA4F73AE637}.Debug|Any CPU.Build.0 = Debug|Any CPU
		{2B6EE743-9CAC-4623-9152-BBA4F73AE637}.Release|Any CPU.ActiveCfg = Release|Any CPU
		{2B6EE743-9CAC-4623-9152-BBA4F73AE637}.Release|Any CPU.Build.0 = Release|Any CPU
		{691AD25F-9CFC-4C7B-8436-ECEBEE350CF5}.Debug|Any CPU.ActiveCfg = Debug|Any CPU
		{691AD25F-9CFC-4C7B-8436-ECEBEE350CF5}.Debug|Any CPU.Build.0 = Debug|Any CPU
		{691AD25F-9CFC-4C7B-8436-ECEBEE350CF5}.Release|Any CPU.ActiveCfg = Release|Any CPU
		{691AD25F-9CFC-4C7B-8436-ECEBEE350CF5}.Release|Any CPU.Build.0 = Release|Any CPU
		{3F2BF9C8-CD8D-4C3E-978C-3A5031212240}.Debug|Any CPU.ActiveCfg = Debug|Any CPU
		{3F2BF9C8-CD8D-4C3E-978C-3A5031212240}.Debug|Any CPU.Build.0 = Debug|Any CPU
		{3F2BF9C8-CD8D-4C3E-978C-3A5031212240}.Release|Any CPU.ActiveCfg = Release|Any CPU
		{3F2BF9C8-CD8D-4C3E-978C-3A5031212240}.Release|Any CPU.Build.0 = Release|Any CPU
		{014C03A4-43AB-4543-9D31-305DF201A858}.Debug|Any CPU.ActiveCfg = Debug|Any CPU
		{014C03A4-43AB-4543-9D31-305DF201A858}.Debug|Any CPU.Build.0 = Debug|Any CPU
		{014C03A4-43AB-4543-9D31-305DF201A858}.Release|Any CPU.ActiveCfg = Release|Any CPU
		{014C03A4-43AB-4543-9D31-305DF201A858}.Release|Any CPU.Build.0 = Release|Any CPU
		{5D3C295F-B51C-49F0-B4C8-1705D9B2F182}.Debug|Any CPU.ActiveCfg = Debug|Any CPU
		{5D3C295F-B51C-49F0-B4C8-1705D9B2F182}.Debug|Any CPU.Build.0 = Debug|Any CPU
		{5D3C295F-B51C-49F0-B4C8-1705D9B2F182}.Release|Any CPU.ActiveCfg = Release|Any CPU
		{5D3C295F-B51C-49F0-B4C8-1705D9B2F182}.Release|Any CPU.Build.0 = Release|Any CPU
		{CF691AEF-9D16-48F4-980B-AF5AAE682D20}.Debug|Any CPU.ActiveCfg = Debug|Any CPU
		{CF691AEF-9D16-48F4-980B-AF5AAE682D20}.Debug|Any CPU.Build.0 = Debug|Any CPU
		{CF691AEF-9D16-48F4-980B-AF5AAE682D20}.Release|Any CPU.ActiveCfg = Release|Any CPU
		{CF691AEF-9D16-48F4-980B-AF5AAE682D20}.Release|Any CPU.Build.0 = Release|Any CPU
		{146C8173-DC7A-4CDB-8AEE-114D39877162}.Debug|Any CPU.ActiveCfg = Debug|Any CPU
		{146C8173-DC7A-4CDB-8AEE-114D39877162}.Debug|Any CPU.Build.0 = Debug|Any CPU
		{146C8173-DC7A-4CDB-8AEE-114D39877162}.Release|Any CPU.ActiveCfg = Release|Any CPU
		{146C8173-DC7A-4CDB-8AEE-114D39877162}.Release|Any CPU.Build.0 = Release|Any CPU
		{1036D7E9-14DF-420A-B337-797016795B15}.Debug|Any CPU.ActiveCfg = Debug|Any CPU
		{1036D7E9-14DF-420A-B337-797016795B15}.Debug|Any CPU.Build.0 = Debug|Any CPU
		{1036D7E9-14DF-420A-B337-797016795B15}.Release|Any CPU.ActiveCfg = Release|Any CPU
		{1036D7E9-14DF-420A-B337-797016795B15}.Release|Any CPU.Build.0 = Release|Any CPU
		{8F5490B8-D406-4496-985D-58E8D6C26E7C}.Debug|Any CPU.ActiveCfg = Debug|Any CPU
		{8F5490B8-D406-4496-985D-58E8D6C26E7C}.Debug|Any CPU.Build.0 = Debug|Any CPU
		{8F5490B8-D406-4496-985D-58E8D6C26E7C}.Release|Any CPU.ActiveCfg = Release|Any CPU
		{8F5490B8-D406-4496-985D-58E8D6C26E7C}.Release|Any CPU.Build.0 = Release|Any CPU
		{BF4FF6A1-3C24-4815-8006-3529F675FD36}.Debug|Any CPU.ActiveCfg = Debug|Any CPU
		{BF4FF6A1-3C24-4815-8006-3529F675FD36}.Debug|Any CPU.Build.0 = Debug|Any CPU
		{BF4FF6A1-3C24-4815-8006-3529F675FD36}.Release|Any CPU.ActiveCfg = Release|Any CPU
		{BF4FF6A1-3C24-4815-8006-3529F675FD36}.Release|Any CPU.Build.0 = Release|Any CPU
		{D47874C7-CB6D-4B16-A6D8-1D689F8C69F8}.Debug|Any CPU.ActiveCfg = Debug|Any CPU
		{D47874C7-CB6D-4B16-A6D8-1D689F8C69F8}.Debug|Any CPU.Build.0 = Debug|Any CPU
		{D47874C7-CB6D-4B16-A6D8-1D689F8C69F8}.Release|Any CPU.ActiveCfg = Release|Any CPU
		{D47874C7-CB6D-4B16-A6D8-1D689F8C69F8}.Release|Any CPU.Build.0 = Release|Any CPU
		{206E60E9-3766-441C-8F3C-755AB51978A6}.Debug|Any CPU.ActiveCfg = Debug|Any CPU
		{206E60E9-3766-441C-8F3C-755AB51978A6}.Debug|Any CPU.Build.0 = Debug|Any CPU
		{206E60E9-3766-441C-8F3C-755AB51978A6}.Release|Any CPU.ActiveCfg = Release|Any CPU
		{206E60E9-3766-441C-8F3C-755AB51978A6}.Release|Any CPU.Build.0 = Release|Any CPU
		{82521005-5464-4B26-923B-18957D2BE5F9}.Debug|Any CPU.ActiveCfg = Debug|Any CPU
		{82521005-5464-4B26-923B-18957D2BE5F9}.Debug|Any CPU.Build.0 = Debug|Any CPU
		{82521005-5464-4B26-923B-18957D2BE5F9}.Release|Any CPU.ActiveCfg = Release|Any CPU
		{82521005-5464-4B26-923B-18957D2BE5F9}.Release|Any CPU.Build.0 = Release|Any CPU
		{9B827EA3-C5AE-4E9A-A94F-E9CAA116FD39}.Debug|Any CPU.ActiveCfg = Debug|Any CPU
		{9B827EA3-C5AE-4E9A-A94F-E9CAA116FD39}.Debug|Any CPU.Build.0 = Debug|Any CPU
		{9B827EA3-C5AE-4E9A-A94F-E9CAA116FD39}.Release|Any CPU.ActiveCfg = Release|Any CPU
		{9B827EA3-C5AE-4E9A-A94F-E9CAA116FD39}.Release|Any CPU.Build.0 = Release|Any CPU
		{4319F832-7182-4D5A-B21A-A395DA3B19CD}.Debug|Any CPU.ActiveCfg = Debug|Any CPU
		{4319F832-7182-4D5A-B21A-A395DA3B19CD}.Debug|Any CPU.Build.0 = Debug|Any CPU
		{4319F832-7182-4D5A-B21A-A395DA3B19CD}.Release|Any CPU.ActiveCfg = Release|Any CPU
		{4319F832-7182-4D5A-B21A-A395DA3B19CD}.Release|Any CPU.Build.0 = Release|Any CPU
		{5EB9DC79-EF8E-469B-B1CE-3664B9656F79}.Debug|Any CPU.ActiveCfg = Debug|Any CPU
		{5EB9DC79-EF8E-469B-B1CE-3664B9656F79}.Debug|Any CPU.Build.0 = Debug|Any CPU
		{5EB9DC79-EF8E-469B-B1CE-3664B9656F79}.Release|Any CPU.ActiveCfg = Release|Any CPU
		{5EB9DC79-EF8E-469B-B1CE-3664B9656F79}.Release|Any CPU.Build.0 = Release|Any CPU
		{08E68A53-E4E6-4842-9C88-6C1200F9A26C}.Debug|Any CPU.ActiveCfg = Debug|Any CPU
		{08E68A53-E4E6-4842-9C88-6C1200F9A26C}.Debug|Any CPU.Build.0 = Debug|Any CPU
		{08E68A53-E4E6-4842-9C88-6C1200F9A26C}.Release|Any CPU.ActiveCfg = Release|Any CPU
		{08E68A53-E4E6-4842-9C88-6C1200F9A26C}.Release|Any CPU.Build.0 = Release|Any CPU
		{7673923E-9516-4647-908D-7A771844EE2C}.Debug|Any CPU.ActiveCfg = Debug|Any CPU
		{7673923E-9516-4647-908D-7A771844EE2C}.Debug|Any CPU.Build.0 = Debug|Any CPU
		{7673923E-9516-4647-908D-7A771844EE2C}.Release|Any CPU.ActiveCfg = Release|Any CPU
		{7673923E-9516-4647-908D-7A771844EE2C}.Release|Any CPU.Build.0 = Release|Any CPU
		{3774A654-DA35-4ED2-9028-44F760C378B5}.Debug|Any CPU.ActiveCfg = Debug|Any CPU
		{3774A654-DA35-4ED2-9028-44F760C378B5}.Debug|Any CPU.Build.0 = Debug|Any CPU
		{3774A654-DA35-4ED2-9028-44F760C378B5}.Release|Any CPU.ActiveCfg = Release|Any CPU
		{3774A654-DA35-4ED2-9028-44F760C378B5}.Release|Any CPU.Build.0 = Release|Any CPU
		{BFCAA72B-9329-4005-A0B2-6BCD4B83FBE4}.Debug|Any CPU.ActiveCfg = Debug|Any CPU
		{BFCAA72B-9329-4005-A0B2-6BCD4B83FBE4}.Debug|Any CPU.Build.0 = Debug|Any CPU
		{BFCAA72B-9329-4005-A0B2-6BCD4B83FBE4}.Release|Any CPU.ActiveCfg = Release|Any CPU
		{BFCAA72B-9329-4005-A0B2-6BCD4B83FBE4}.Release|Any CPU.Build.0 = Release|Any CPU
	EndGlobalSection
	GlobalSection(SolutionProperties) = preSolution
		HideSolutionNode = FALSE
	EndGlobalSection
	GlobalSection(NestedProjects) = preSolution
		{168265D6-4D2E-4EBA-83CC-472BC2384BB1} = {1C07F428-23D0-4D42-9B04-1732BB699226}
		{2B6EE743-9CAC-4623-9152-BBA4F73AE637} = {164698E7-F59E-458C-9FB1-5B2AF20D020A}
		{691AD25F-9CFC-4C7B-8436-ECEBEE350CF5} = {644E1F97-8190-4F15-8A75-912A62F83696}
		{3F2BF9C8-CD8D-4C3E-978C-3A5031212240} = {644E1F97-8190-4F15-8A75-912A62F83696}
		{014C03A4-43AB-4543-9D31-305DF201A858} = {644E1F97-8190-4F15-8A75-912A62F83696}
		{5D3C295F-B51C-49F0-B4C8-1705D9B2F182} = {33C9AC10-32A9-49C2-9FDD-8D7A35199968}
		{CF691AEF-9D16-48F4-980B-AF5AAE682D20} = {33C9AC10-32A9-49C2-9FDD-8D7A35199968}
		{146C8173-DC7A-4CDB-8AEE-114D39877162} = {33C9AC10-32A9-49C2-9FDD-8D7A35199968}
		{1036D7E9-14DF-420A-B337-797016795B15} = {EE364D0E-7B4D-489B-AAC3-AEC1ECC03938}
		{8F5490B8-D406-4496-985D-58E8D6C26E7C} = {EE364D0E-7B4D-489B-AAC3-AEC1ECC03938}
		{BF4FF6A1-3C24-4815-8006-3529F675FD36} = {EE364D0E-7B4D-489B-AAC3-AEC1ECC03938}
		{D47874C7-CB6D-4B16-A6D8-1D689F8C69F8} = {38A4385F-F056-4B94-80F6-6B2BBAA8C4CF}
		{206E60E9-3766-441C-8F3C-755AB51978A6} = {38A4385F-F056-4B94-80F6-6B2BBAA8C4CF}
		{82521005-5464-4B26-923B-18957D2BE5F9} = {38A4385F-F056-4B94-80F6-6B2BBAA8C4CF}
		{4319F832-7182-4D5A-B21A-A395DA3B19CD} = {EFFCF0D0-D396-4653-B75E-63E976BCDF1D}
		{5EB9DC79-EF8E-469B-B1CE-3664B9656F79} = {EFFCF0D0-D396-4653-B75E-63E976BCDF1D}
		{08E68A53-E4E6-4842-9C88-6C1200F9A26C} = {EFFCF0D0-D396-4653-B75E-63E976BCDF1D}
		{7673923E-9516-4647-908D-7A771844EE2C} = {8E91AAB8-8B0F-45F8-AB1D-52222E3E267C}
		{3774A654-DA35-4ED2-9028-44F760C378B5} = {8E91AAB8-8B0F-45F8-AB1D-52222E3E267C}
		{BFCAA72B-9329-4005-A0B2-6BCD4B83FBE4} = {8E91AAB8-8B0F-45F8-AB1D-52222E3E267C}
	EndGlobalSection
	GlobalSection(ExtensibilityGlobals) = postSolution
		SolutionGuid = {12E9FC3B-D3A4-47B0-9877-725A60D28085}
	EndGlobalSection
EndGlobal
